<Solution>
  <Folder Name="/Solution Items/">
    <File Path=".dockerignore" />
    <File Path="Dockerfile" />
    <File Path="README.md" />
  </Folder>
  <Project Path="FinOpsFlow.Core/FinOpsFlow.Core.csproj" />
  <Project Path="FinOpsFlow.Infrastructure/FinOpsFlow.Infrastructure.csproj" />
  <Project Path="FinOpsFlow.Web/FinOpsFlow.Web.csproj" />
</Solution>
